
Microsoft Visual Studio Solution File, Format Version 11.00
# Visual Studio 2010
Project("{FAE04EC0-301F-11D3-BF4B-00C04F79EFBC}") = "8bit Shmup", "Assembly-CSharp.csproj", "{0C12DA8C-D77D-F6E9-6D34-6208AB900F2D}"
EndProject
Project("{FAE04EC0-301F-11D3-BF4B-00C04F79EFBC}") = "8bit Shmup", "Assembly-CSharp-Editor.csproj", "{A09D0994-F2E0-A427-75DA-95AF78BDCC0E}"
EndProject
Global
	GlobalSection(SolutionConfigurationPlatforms) = preSolution
		Debug|Any CPU = Debug|Any CPU
		Release|Any CPU = Release|Any CPU
	EndGlobalSection
	GlobalSection(ProjectConfigurationPlatforms) = postSolution
		{0C12DA8C-D77D-F6E9-6D34-6208AB900F2D}.Debug|Any CPU.ActiveCfg = Debug|Any CPU
		{0C12DA8C-D77D-F6E9-6D34-6208AB900F2D}.Debug|Any CPU.Build.0 = Debug|Any CPU
		{0C12DA8C-D77D-F6E9-6D34-6208AB900F2D}.Release|Any CPU.ActiveCfg = Release|Any CPU
		{0C12DA8C-D77D-F6E9-6D34-6208AB900F2D}.Release|Any CPU.Build.0 = Release|Any CPU
		{A09D0994-F2E0-A427-75DA-95AF78BDCC0E}.Debug|Any CPU.ActiveCfg = Debug|Any CPU
		{A09D0994-F2E0-A427-75DA-95AF78BDCC0E}.Debug|Any CPU.Build.0 = Debug|Any CPU
		{A09D0994-F2E0-A427-75DA-95AF78BDCC0E}.Release|Any CPU.ActiveCfg = Release|Any CPU
		{A09D0994-F2E0-A427-75DA-95AF78BDCC0E}.Release|Any CPU.Build.0 = Release|Any CPU
	EndGlobalSection
	GlobalSection(SolutionProperties) = preSolution
		HideSolutionNode = FALSE
	EndGlobalSection
	GlobalSection(MonoDevelopProperties) = preSolution
		StartupItem = Assembly-CSharp.csproj
	EndGlobalSection
EndGlobal
